// !$*UTF8*$!
{
	archiveVersion = 1;
	classes = {
	};
	objectVersion = 56;
	objects = {

/* Begin PBXBuildFile section */
		AB1C945E2C8025E600FAE3E4 /* Model.swift in Sources */ = {isa = PBXBuildFile; fileRef = AB1C945D2C8025E600FAE3E4 /* Model.swift */; };
		AB1C94602C8026B300FAE3E4 /* TMDB API.swift in Sources */ = {isa = PBXBuildFile; fileRef = AB1C945F2C8026B300FAE3E4 /* TMDB API.swift */; };
		AB1C94622C80278C00FAE3E4 /* MovieListItem.swift in Sources */ = {isa = PBXBuildFile; fileRef = AB1C94612C80278C00FAE3E4 /* MovieListItem.swift */; };
		AB1C94662C80742F00FAE3E4 /* StateButton.swift in Sources */ = {isa = PBXBuildFile; fileRef = AB1C94652C80742F00FAE3E4 /* StateButton.swift */; };
		AB1C946A2C84455200FAE3E4 /* Launch Screen.storyboard in Resources */ = {isa = PBXBuildFile; fileRef = AB1C94692C84455200FAE3E4 /* Launch Screen.storyboard */; };
		ABA68F842C782373000CCF90 /* ReflixApp.swift in Sources */ = {isa = PBXBuildFile; fileRef = ABA68F832C782373000CCF90 /* ReflixApp.swift */; };
		ABA68F862C782373000CCF90 /* ContentView.swift in Sources */ = {isa = PBXBuildFile; fileRef = ABA68F852C782373000CCF90 /* ContentView.swift */; };
		ABA68F882C782374000CCF90 /* Assets.xcassets in Resources */ = {isa = PBXBuildFile; fileRef = ABA68F872C782374000CCF90 /* Assets.xcassets */; };
		ABA68F8B2C782374000CCF90 /* Preview Assets.xcassets in Resources */ = {isa = PBXBuildFile; fileRef = ABA68F8A2C782374000CCF90 /* Preview Assets.xcassets */; };
		ABA68F922C7860D3000CCF90 /* TabView.swift in Sources */ = {isa = PBXBuildFile; fileRef = ABA68F912C7860D3000CCF90 /* TabView.swift */; };
		ABA68F962C788B3B000CCF90 /* SearchTabView.swift in Sources */ = {isa = PBXBuildFile; fileRef = ABA68F952C788B3B000CCF90 /* SearchTabView.swift */; };
		ABA68F9B2C7C61E8000CCF90 /* Kingfisher in Frameworks */ = {isa = PBXBuildFile; productRef = ABA68F9A2C7C61E8000CCF90 /* Kingfisher */; };
		D492935A2C7F16FA005D4DB8 /* YouTubeView.swift in Sources */ = {isa = PBXBuildFile; fileRef = D49293592C7F16FA005D4DB8 /* YouTubeView.swift */; };
		D492935C2C7F1726005D4DB8 /* YouTubeDetailView.swift in Sources */ = {isa = PBXBuildFile; fileRef = D492935B2C7F1726005D4DB8 /* YouTubeDetailView.swift */; };
		D4B401042C7A18C4009842BD /* CollectionViewCell.swift in Sources */ = {isa = PBXBuildFile; fileRef = D4B401032C7A18C4009842BD /* CollectionViewCell.swift */; };
		D4B401072C7A1D7E009842BD /* MovieTabView.swift in Sources */ = {isa = PBXBuildFile; fileRef = ABA68F932C788B13000CCF90 /* MovieTabView.swift */; };
		D4DFB3722C81BF5C0064B69D /* CategoryView.swift in Sources */ = {isa = PBXBuildFile; fileRef = D4DFB3712C81BF5C0064B69D /* CategoryView.swift */; };
		D4FFBCF62C7DAF5F00180BED /* MovieDetailView.swift in Sources */ = {isa = PBXBuildFile; fileRef = D4FFBCF52C7DAF5F00180BED /* MovieDetailView.swift */; };
/* End PBXBuildFile section */

/* Begin PBXFileReference section */
		AB1C945D2C8025E600FAE3E4 /* Model.swift */ = {isa = PBXFileReference; lastKnownFileType = sourcecode.swift; path = Model.swift; sourceTree = "<group>"; };
		AB1C945F2C8026B300FAE3E4 /* TMDB API.swift */ = {isa = PBXFileReference; lastKnownFileType = sourcecode.swift; path = "TMDB API.swift"; sourceTree = "<group>"; };
		AB1C94612C80278C00FAE3E4 /* MovieListItem.swift */ = {isa = PBXFileReference; lastKnownFileType = sourcecode.swift; path = MovieListItem.swift; sourceTree = "<group>"; };
		AB1C94652C80742F00FAE3E4 /* StateButton.swift */ = {isa = PBXFileReference; lastKnownFileType = sourcecode.swift; path = StateButton.swift; sourceTree = "<group>"; };
		AB1C94692C84455200FAE3E4 /* Launch Screen.storyboard */ = {isa = PBXFileReference; lastKnownFileType = file.storyboard; path = "Launch Screen.storyboard"; sourceTree = "<group>"; };
		ABA68F802C782373000CCF90 /* Reflix.app */ = {isa = PBXFileReference; explicitFileType = wrapper.application; includeInIndex = 0; path = Reflix.app; sourceTree = BUILT_PRODUCTS_DIR; };
		ABA68F832C782373000CCF90 /* ReflixApp.swift */ = {isa = PBXFileReference; lastKnownFileType = sourcecode.swift; path = ReflixApp.swift; sourceTree = "<group>"; };
		ABA68F852C782373000CCF90 /* ContentView.swift */ = {isa = PBXFileReference; lastKnownFileType = sourcecode.swift; path = ContentView.swift; sourceTree = "<group>"; };
		ABA68F872C782374000CCF90 /* Assets.xcassets */ = {isa = PBXFileReference; lastKnownFileType = folder.assetcatalog; path = Assets.xcassets; sourceTree = "<group>"; };
		ABA68F8A2C782374000CCF90 /* Preview Assets.xcassets */ = {isa = PBXFileReference; lastKnownFileType = folder.assetcatalog; path = "Preview Assets.xcassets"; sourceTree = "<group>"; };
		ABA68F912C7860D3000CCF90 /* TabView.swift */ = {isa = PBXFileReference; lastKnownFileType = sourcecode.swift; path = TabView.swift; sourceTree = "<group>"; };
		ABA68F932C788B13000CCF90 /* MovieTabView.swift */ = {isa = PBXFileReference; lastKnownFileType = sourcecode.swift; path = MovieTabView.swift; sourceTree = "<group>"; };
		ABA68F952C788B3B000CCF90 /* SearchTabView.swift */ = {isa = PBXFileReference; lastKnownFileType = sourcecode.swift; path = SearchTabView.swift; sourceTree = "<group>"; };
		D49293592C7F16FA005D4DB8 /* YouTubeView.swift */ = {isa = PBXFileReference; lastKnownFileType = sourcecode.swift; path = YouTubeView.swift; sourceTree = "<group>"; };
		D492935B2C7F1726005D4DB8 /* YouTubeDetailView.swift */ = {isa = PBXFileReference; lastKnownFileType = sourcecode.swift; path = YouTubeDetailView.swift; sourceTree = "<group>"; };
		D4B401032C7A18C4009842BD /* CollectionViewCell.swift */ = {isa = PBXFileReference; lastKnownFileType = sourcecode.swift; path = CollectionViewCell.swift; sourceTree = "<group>"; };
		D4DFB3712C81BF5C0064B69D /* CategoryView.swift */ = {isa = PBXFileReference; lastKnownFileType = sourcecode.swift; path = CategoryView.swift; sourceTree = "<group>"; };
		D4FFBCF52C7DAF5F00180BED /* MovieDetailView.swift */ = {isa = PBXFileReference; lastKnownFileType = sourcecode.swift; path = MovieDetailView.swift; sourceTree = "<group>"; };
/* End PBXFileReference section */

/* Begin PBXFrameworksBuildPhase section */
		ABA68F7D2C782373000CCF90 /* Frameworks */ = {
			isa = PBXFrameworksBuildPhase;
			buildActionMask = 2147483647;
			files = (
				ABA68F9B2C7C61E8000CCF90 /* Kingfisher in Frameworks */,
			);
			runOnlyForDeploymentPostprocessing = 0;
		};
/* End PBXFrameworksBuildPhase section */

/* Begin PBXGroup section */
		ABA68F772C782373000CCF90 = {
			isa = PBXGroup;
			children = (
				ABA68F822C782373000CCF90 /* Reflix */,
				ABA68F812C782373000CCF90 /* Products */,
			);
			sourceTree = "<group>";
		};
		ABA68F812C782373000CCF90 /* Products */ = {
			isa = PBXGroup;
			children = (
				ABA68F802C782373000CCF90 /* Reflix.app */,
			);
			name = Products;
			sourceTree = "<group>";
		};
		ABA68F822C782373000CCF90 /* Reflix */ = {
			isa = PBXGroup;
			children = (
				D43C1C402C7F846E005021BA /* Player */,
				D43C1C3F2C7F843F005021BA /* Model */,
				D4B401052C7A196F009842BD /* MoviePage */,
				D43C1C412C7F84B3005021BA /* SearchPage */,
				ABA68F912C7860D3000CCF90 /* TabView.swift */,

				D4FFBCF52C7DAF5F00180BED /* MovieDetailView.swift */,
				D4DFB3712C81BF5C0064B69D /* CategoryView.swift */,
				AB1C94652C80742F00FAE3E4 /* StateButton.swift */,

				ABA68F852C782373000CCF90 /* ContentView.swift */,
				ABA68F832C782373000CCF90 /* ReflixApp.swift */,
				ABA68F872C782374000CCF90 /* Assets.xcassets */,
				ABA68F892C782374000CCF90 /* Preview Content */,
				AB1C94692C84455200FAE3E4 /* Launch Screen.storyboard */,
			);
			path = Reflix;
			sourceTree = "<group>";
		};
		ABA68F892C782374000CCF90 /* Preview Content */ = {
			isa = PBXGroup;
			children = (
				ABA68F8A2C782374000CCF90 /* Preview Assets.xcassets */,
			);
			path = "Preview Content";
			sourceTree = "<group>";
		};
		D43C1C3F2C7F843F005021BA /* Model */ = {
			isa = PBXGroup;
			children = (
				AB1C945D2C8025E600FAE3E4 /* Model.swift */,
				AB1C945F2C8026B300FAE3E4 /* TMDB API.swift */,
			);
			path = Model;
			sourceTree = "<group>";
		};
		D43C1C402C7F846E005021BA /* Player */ = {
			isa = PBXGroup;
			children = (
				D49293592C7F16FA005D4DB8 /* YouTubeView.swift */,
				D492935B2C7F1726005D4DB8 /* YouTubeDetailView.swift */,
			);
			path = Player;
			sourceTree = "<group>";
		};
		D43C1C412C7F84B3005021BA /* SearchPage */ = {
			isa = PBXGroup;
			children = (
				ABA68F952C788B3B000CCF90 /* SearchTabView.swift */,
				AB1C94612C80278C00FAE3E4 /* MovieListItem.swift */,
				D4DFB3712C81BF5C0064B69D /* CategoryView.swift */,

			);
			path = SearchPage;
			sourceTree = "<group>";
		};
		D4B401052C7A196F009842BD /* MoviePage */ = {
			isa = PBXGroup;
			children = (
				ABA68F932C788B13000CCF90 /* MovieTabView.swift */,
				D4B401032C7A18C4009842BD /* CollectionViewCell.swift */,
			);
			path = MoviePage;
			sourceTree = "<group>";
		};
/* End PBXGroup section */

/* Begin PBXNativeTarget section */
		ABA68F7F2C782373000CCF90 /* Reflix */ = {
			isa = PBXNativeTarget;
			buildConfigurationList = ABA68F8E2C782374000CCF90 /* Build configuration list for PBXNativeTarget "Reflix" */;
			buildPhases = (
				ABA68F7C2C782373000CCF90 /* Sources */,
				ABA68F7D2C782373000CCF90 /* Frameworks */,
				ABA68F7E2C782373000CCF90 /* Resources */,
			);
			buildRules = (
			);
			dependencies = (
			);
			name = Reflix;
			packageProductDependencies = (
				ABA68F9A2C7C61E8000CCF90 /* Kingfisher */,
			);
			productName = Reflix;
			productReference = ABA68F802C782373000CCF90 /* Reflix.app */;
			productType = "com.apple.product-type.application";
		};
/* End PBXNativeTarget section */

/* Begin PBXProject section */
		ABA68F782C782373000CCF90 /* Project object */ = {
			isa = PBXProject;
			attributes = {
				BuildIndependentTargetsInParallel = 1;
				LastSwiftUpdateCheck = 1540;
				LastUpgradeCheck = 1540;
				TargetAttributes = {
					ABA68F7F2C782373000CCF90 = {
						CreatedOnToolsVersion = 15.4;
					};
				};
			};
			buildConfigurationList = ABA68F7B2C782373000CCF90 /* Build configuration list for PBXProject "Reflix" */;
			compatibilityVersion = "Xcode 14.0";
			developmentRegion = en;
			hasScannedForEncodings = 0;
			knownRegions = (
				en,
				Base,
			);
			mainGroup = ABA68F772C782373000CCF90;
			packageReferences = (
				ABA68F992C7C61E8000CCF90 /* XCRemoteSwiftPackageReference "Kingfisher" */,
			);
			productRefGroup = ABA68F812C782373000CCF90 /* Products */;
			projectDirPath = "";
			projectRoot = "";
			targets = (
				ABA68F7F2C782373000CCF90 /* Reflix */,
			);
		};
/* End PBXProject section */

/* Begin PBXResourcesBuildPhase section */
		ABA68F7E2C782373000CCF90 /* Resources */ = {
			isa = PBXResourcesBuildPhase;
			buildActionMask = 2147483647;
			files = (
				AB1C946A2C84455200FAE3E4 /* Launch Screen.storyboard in Resources */,
				ABA68F8B2C782374000CCF90 /* Preview Assets.xcassets in Resources */,
				ABA68F882C782374000CCF90 /* Assets.xcassets in Resources */,
			);
			runOnlyForDeploymentPostprocessing = 0;
		};
/* End PBXResourcesBuildPhase section */

/* Begin PBXSourcesBuildPhase section */
		ABA68F7C2C782373000CCF90 /* Sources */ = {
			isa = PBXSourcesBuildPhase;
			buildActionMask = 2147483647;
			files = (
				AB1C94602C8026B300FAE3E4 /* TMDB API.swift in Sources */,
				D492935C2C7F1726005D4DB8 /* YouTubeDetailView.swift in Sources */,
				D4FFBCF62C7DAF5F00180BED /* MovieDetailView.swift in Sources */,
				ABA68F862C782373000CCF90 /* ContentView.swift in Sources */,
				AB1C94662C80742F00FAE3E4 /* StateButton.swift in Sources */,
				ABA68F922C7860D3000CCF90 /* TabView.swift in Sources */,
				D4B401042C7A18C4009842BD /* CollectionViewCell.swift in Sources */,
				AB1C945E2C8025E600FAE3E4 /* Model.swift in Sources */,
				D4DFB3722C81BF5C0064B69D /* CategoryView.swift in Sources */,
				ABA68F842C782373000CCF90 /* ReflixApp.swift in Sources */,
				D492935A2C7F16FA005D4DB8 /* YouTubeView.swift in Sources */,
				AB1C94622C80278C00FAE3E4 /* MovieListItem.swift in Sources */,
				D4B401072C7A1D7E009842BD /* MovieTabView.swift in Sources */,
				ABA68F962C788B3B000CCF90 /* SearchTabView.swift in Sources */,
			);
			runOnlyForDeploymentPostprocessing = 0;
		};
/* End PBXSourcesBuildPhase section */

/* Begin XCBuildConfiguration section */
		ABA68F8C2C782374000CCF90 /* Debug */ = {
			isa = XCBuildConfiguration;
			buildSettings = {
				ALWAYS_SEARCH_USER_PATHS = NO;
				ASSETCATALOG_COMPILER_GENERATE_SWIFT_ASSET_SYMBOL_EXTENSIONS = YES;
				CLANG_ANALYZER_NONNULL = YES;
				CLANG_ANALYZER_NUMBER_OBJECT_CONVERSION = YES_AGGRESSIVE;
				CLANG_CXX_LANGUAGE_STANDARD = "gnu++20";
				CLANG_ENABLE_MODULES = YES;
				CLANG_ENABLE_OBJC_ARC = YES;
				CLANG_ENABLE_OBJC_WEAK = YES;
				CLANG_WARN_BLOCK_CAPTURE_AUTORELEASING = YES;
				CLANG_WARN_BOOL_CONVERSION = YES;
				CLANG_WARN_COMMA = YES;
				CLANG_WARN_CONSTANT_CONVERSION = YES;
				CLANG_WARN_DEPRECATED_OBJC_IMPLEMENTATIONS = YES;
				CLANG_WARN_DIRECT_OBJC_ISA_USAGE = YES_ERROR;
				CLANG_WARN_DOCUMENTATION_COMMENTS = YES;
				CLANG_WARN_EMPTY_BODY = YES;
				CLANG_WARN_ENUM_CONVERSION = YES;
				CLANG_WARN_INFINITE_RECURSION = YES;
				CLANG_WARN_INT_CONVERSION = YES;
				CLANG_WARN_NON_LITERAL_NULL_CONVERSION = YES;
				CLANG_WARN_OBJC_IMPLICIT_RETAIN_SELF = YES;
				CLANG_WARN_OBJC_LITERAL_CONVERSION = YES;
				CLANG_WARN_OBJC_ROOT_CLASS = YES_ERROR;
				CLANG_WARN_QUOTED_INCLUDE_IN_FRAMEWORK_HEADER = YES;
				CLANG_WARN_RANGE_LOOP_ANALYSIS = YES;
				CLANG_WARN_STRICT_PROTOTYPES = YES;
				CLANG_WARN_SUSPICIOUS_MOVE = YES;
				CLANG_WARN_UNGUARDED_AVAILABILITY = YES_AGGRESSIVE;
				CLANG_WARN_UNREACHABLE_CODE = YES;
				CLANG_WARN__DUPLICATE_METHOD_MATCH = YES;
				COPY_PHASE_STRIP = NO;
				DEBUG_INFORMATION_FORMAT = dwarf;
				ENABLE_STRICT_OBJC_MSGSEND = YES;
				ENABLE_TESTABILITY = YES;
				ENABLE_USER_SCRIPT_SANDBOXING = YES;
				GCC_C_LANGUAGE_STANDARD = gnu17;
				GCC_DYNAMIC_NO_PIC = NO;
				GCC_NO_COMMON_BLOCKS = YES;
				GCC_OPTIMIZATION_LEVEL = 0;
				GCC_PREPROCESSOR_DEFINITIONS = (
					"DEBUG=1",
					"$(inherited)",
				);
				GCC_WARN_64_TO_32_BIT_CONVERSION = YES;
				GCC_WARN_ABOUT_RETURN_TYPE = YES_ERROR;
				GCC_WARN_UNDECLARED_SELECTOR = YES;
				GCC_WARN_UNINITIALIZED_AUTOS = YES_AGGRESSIVE;
				GCC_WARN_UNUSED_FUNCTION = YES;
				GCC_WARN_UNUSED_VARIABLE = YES;
				IPHONEOS_DEPLOYMENT_TARGET = 17.5;
				LOCALIZATION_PREFERS_STRING_CATALOGS = YES;
				MTL_ENABLE_DEBUG_INFO = INCLUDE_SOURCE;
				MTL_FAST_MATH = YES;
				ONLY_ACTIVE_ARCH = YES;
				SDKROOT = iphoneos;
				SWIFT_ACTIVE_COMPILATION_CONDITIONS = "DEBUG $(inherited)";
				SWIFT_OPTIMIZATION_LEVEL = "-Onone";
			};
			name = Debug;
		};
		ABA68F8D2C782374000CCF90 /* Release */ = {
			isa = XCBuildConfiguration;
			buildSettings = {
				ALWAYS_SEARCH_USER_PATHS = NO;
				ASSETCATALOG_COMPILER_GENERATE_SWIFT_ASSET_SYMBOL_EXTENSIONS = YES;
				CLANG_ANALYZER_NONNULL = YES;
				CLANG_ANALYZER_NUMBER_OBJECT_CONVERSION = YES_AGGRESSIVE;
				CLANG_CXX_LANGUAGE_STANDARD = "gnu++20";
				CLANG_ENABLE_MODULES = YES;
				CLANG_ENABLE_OBJC_ARC = YES;
				CLANG_ENABLE_OBJC_WEAK = YES;
				CLANG_WARN_BLOCK_CAPTURE_AUTORELEASING = YES;
				CLANG_WARN_BOOL_CONVERSION = YES;
				CLANG_WARN_COMMA = YES;
				CLANG_WARN_CONSTANT_CONVERSION = YES;
				CLANG_WARN_DEPRECATED_OBJC_IMPLEMENTATIONS = YES;
				CLANG_WARN_DIRECT_OBJC_ISA_USAGE = YES_ERROR;
				CLANG_WARN_DOCUMENTATION_COMMENTS = YES;
				CLANG_WARN_EMPTY_BODY = YES;
				CLANG_WARN_ENUM_CONVERSION = YES;
				CLANG_WARN_INFINITE_RECURSION = YES;
				CLANG_WARN_INT_CONVERSION = YES;
				CLANG_WARN_NON_LITERAL_NULL_CONVERSION = YES;
				CLANG_WARN_OBJC_IMPLICIT_RETAIN_SELF = YES;
				CLANG_WARN_OBJC_LITERAL_CONVERSION = YES;
				CLANG_WARN_OBJC_ROOT_CLASS = YES_ERROR;
				CLANG_WARN_QUOTED_INCLUDE_IN_FRAMEWORK_HEADER = YES;
				CLANG_WARN_RANGE_LOOP_ANALYSIS = YES;
				CLANG_WARN_STRICT_PROTOTYPES = YES;
				CLANG_WARN_SUSPICIOUS_MOVE = YES;
				CLANG_WARN_UNGUARDED_AVAILABILITY = YES_AGGRESSIVE;
				CLANG_WARN_UNREACHABLE_CODE = YES;
				CLANG_WARN__DUPLICATE_METHOD_MATCH = YES;
				COPY_PHASE_STRIP = NO;
				DEBUG_INFORMATION_FORMAT = "dwarf-with-dsym";
				ENABLE_NS_ASSERTIONS = NO;
				ENABLE_STRICT_OBJC_MSGSEND = YES;
				ENABLE_USER_SCRIPT_SANDBOXING = YES;
				GCC_C_LANGUAGE_STANDARD = gnu17;
				GCC_NO_COMMON_BLOCKS = YES;
				GCC_WARN_64_TO_32_BIT_CONVERSION = YES;
				GCC_WARN_ABOUT_RETURN_TYPE = YES_ERROR;
				GCC_WARN_UNDECLARED_SELECTOR = YES;
				GCC_WARN_UNINITIALIZED_AUTOS = YES_AGGRESSIVE;
				GCC_WARN_UNUSED_FUNCTION = YES;
				GCC_WARN_UNUSED_VARIABLE = YES;
				IPHONEOS_DEPLOYMENT_TARGET = 17.5;
				LOCALIZATION_PREFERS_STRING_CATALOGS = YES;
				MTL_ENABLE_DEBUG_INFO = NO;
				MTL_FAST_MATH = YES;
				SDKROOT = iphoneos;
				SWIFT_COMPILATION_MODE = wholemodule;
				VALIDATE_PRODUCT = YES;
			};
			name = Release;
		};
		ABA68F8F2C782374000CCF90 /* Debug */ = {
			isa = XCBuildConfiguration;
			buildSettings = {
				ASSETCATALOG_COMPILER_APPICON_NAME = AppIcon;
				ASSETCATALOG_COMPILER_GLOBAL_ACCENT_COLOR_NAME = AccentColor;
				CODE_SIGN_STYLE = Automatic;
				CURRENT_PROJECT_VERSION = 1;
				DEVELOPMENT_ASSET_PATHS = "\"Reflix/Preview Content\"";
				DEVELOPMENT_TEAM = 38KQRPY27F;
				ENABLE_PREVIEWS = YES;
				GENERATE_INFOPLIST_FILE = YES;
				INFOPLIST_KEY_UIApplicationSceneManifest_Generation = YES;
				INFOPLIST_KEY_UIApplicationSupportsIndirectInputEvents = YES;
				INFOPLIST_KEY_UILaunchScreen_Generation = YES;
				INFOPLIST_KEY_UILaunchStoryboardName = "Launch Screen.storyboard";
				INFOPLIST_KEY_UISupportedInterfaceOrientations_iPad = "UIInterfaceOrientationPortrait UIInterfaceOrientationPortraitUpsideDown UIInterfaceOrientationLandscapeLeft UIInterfaceOrientationLandscapeRight";
				INFOPLIST_KEY_UISupportedInterfaceOrientations_iPhone = "UIInterfaceOrientationPortrait UIInterfaceOrientationLandscapeLeft UIInterfaceOrientationLandscapeRight";
				LD_RUNPATH_SEARCH_PATHS = (
					"$(inherited)",
					"@executable_path/Frameworks",
				);
				MARKETING_VERSION = 1.0;
				PRODUCT_BUNDLE_IDENTIFIER = "com.ellelo.Reflix-1";
				PRODUCT_NAME = "$(TARGET_NAME)";
				SWIFT_EMIT_LOC_STRINGS = YES;
				SWIFT_VERSION = 5.0;
				TARGETED_DEVICE_FAMILY = "1,2";
			};
			name = Debug;
		};
		ABA68F902C782374000CCF90 /* Release */ = {
			isa = XCBuildConfiguration;
			buildSettings = {
				ASSETCATALOG_COMPILER_APPICON_NAME = AppIcon;
				ASSETCATALOG_COMPILER_GLOBAL_ACCENT_COLOR_NAME = AccentColor;
				CODE_SIGN_STYLE = Automatic;
				CURRENT_PROJECT_VERSION = 1;
				DEVELOPMENT_ASSET_PATHS = "\"Reflix/Preview Content\"";
				DEVELOPMENT_TEAM = 38KQRPY27F;
				ENABLE_PREVIEWS = YES;
				GENERATE_INFOPLIST_FILE = YES;
				INFOPLIST_KEY_UIApplicationSceneManifest_Generation = YES;
				INFOPLIST_KEY_UIApplicationSupportsIndirectInputEvents = YES;
				INFOPLIST_KEY_UILaunchScreen_Generation = YES;
				INFOPLIST_KEY_UILaunchStoryboardName = "Launch Screen.storyboard";
				INFOPLIST_KEY_UISupportedInterfaceOrientations_iPad = "UIInterfaceOrientationPortrait UIInterfaceOrientationPortraitUpsideDown UIInterfaceOrientationLandscapeLeft UIInterfaceOrientationLandscapeRight";
				INFOPLIST_KEY_UISupportedInterfaceOrientations_iPhone = "UIInterfaceOrientationPortrait UIInterfaceOrientationLandscapeLeft UIInterfaceOrientationLandscapeRight";
				LD_RUNPATH_SEARCH_PATHS = (
					"$(inherited)",
					"@executable_path/Frameworks",
				);
				MARKETING_VERSION = 1.0;
				PRODUCT_BUNDLE_IDENTIFIER = "com.ellelo.Reflix-1";
				PRODUCT_NAME = "$(TARGET_NAME)";
				SWIFT_EMIT_LOC_STRINGS = YES;
				SWIFT_VERSION = 5.0;
				TARGETED_DEVICE_FAMILY = "1,2";
			};
			name = Release;
		};
/* End XCBuildConfiguration section */

/* Begin XCConfigurationList section */
		ABA68F7B2C782373000CCF90 /* Build configuration list for PBXProject "Reflix" */ = {
			isa = XCConfigurationList;
			buildConfigurations = (
				ABA68F8C2C782374000CCF90 /* Debug */,
				ABA68F8D2C782374000CCF90 /* Release */,
			);
			defaultConfigurationIsVisible = 0;
			defaultConfigurationName = Release;
		};
		ABA68F8E2C782374000CCF90 /* Build configuration list for PBXNativeTarget "Reflix" */ = {
			isa = XCConfigurationList;
			buildConfigurations = (
				ABA68F8F2C782374000CCF90 /* Debug */,
				ABA68F902C782374000CCF90 /* Release */,
			);
			defaultConfigurationIsVisible = 0;
			defaultConfigurationName = Release;
		};
/* End XCConfigurationList section */

/* Begin XCRemoteSwiftPackageReference section */
		ABA68F992C7C61E8000CCF90 /* XCRemoteSwiftPackageReference "Kingfisher" */ = {
			isa = XCRemoteSwiftPackageReference;
			repositoryURL = "https://github.com/onevcat/Kingfisher.git";
			requirement = {
				kind = upToNextMajorVersion;
				minimumVersion = 7.12.0;
			};
		};
/* End XCRemoteSwiftPackageReference section */

/* Begin XCSwiftPackageProductDependency section */
		ABA68F9A2C7C61E8000CCF90 /* Kingfisher */ = {
			isa = XCSwiftPackageProductDependency;
			package = ABA68F992C7C61E8000CCF90 /* XCRemoteSwiftPackageReference "Kingfisher" */;
			productName = Kingfisher;
		};
/* End XCSwiftPackageProductDependency section */
	};
	rootObject = ABA68F782C782373000CCF90 /* Project object */;
}
